// !$*UTF8*$!
{
	archiveVersion = 1;
	classes = {
	};
	objectVersion = 46;
	objects = {

/* Begin PBXBuildFile section */
		016C5E4D12EEF41900C1740C /* Cocoa.framework in Frameworks */ = {isa = PBXBuildFile; fileRef = 016C5E4C12EEF41900C1740C /* Cocoa.framework */; };
		016C5E5712EEF41900C1740C /* InfoPlist.strings in Resources */ = {isa = PBXBuildFile; fileRef = 016C5E5512EEF41900C1740C /* InfoPlist.strings */; };
		016C5E5A12EEF41900C1740C /* main.m in Sources */ = {isa = PBXBuildFile; fileRef = 016C5E5912EEF41900C1740C /* main.m */; };
		016C5E5D12EEF41900C1740C /* Credits.rtf in Resources */ = {isa = PBXBuildFile; fileRef = 016C5E5B12EEF41900C1740C /* Credits.rtf */; };
		016C5E6012EEF41900C1740C /* SMTerm.m in Sources */ = {isa = PBXBuildFile; fileRef = 016C5E5F12EEF41900C1740C /* SMTerm.m */; };
		016C5E6312EEF41900C1740C /* SMTerm.xib in Resources */ = {isa = PBXBuildFile; fileRef = 016C5E6112EEF41900C1740C /* SMTerm.xib */; };
		016C5E6612EEF41A00C1740C /* MainMenu.xib in Resources */ = {isa = PBXBuildFile; fileRef = 016C5E6412EEF41A00C1740C /* MainMenu.xib */; };
		016C5E6912EEF41A00C1740C /* SMTerm.xcdatamodeld in Sources */ = {isa = PBXBuildFile; fileRef = 016C5E6712EEF41A00C1740C /* SMTerm.xcdatamodeld */; };
		016C5E7012EEF41A00C1740C /* Cocoa.framework in Frameworks */ = {isa = PBXBuildFile; fileRef = 016C5E4C12EEF41900C1740C /* Cocoa.framework */; };
		016C5E7612EEF41A00C1740C /* InfoPlist.strings in Resources */ = {isa = PBXBuildFile; fileRef = 016C5E7412EEF41A00C1740C /* InfoPlist.strings */; };
		016C5E7912EEF41A00C1740C /* StudioManTests.h in Resources */ = {isa = PBXBuildFile; fileRef = 016C5E7812EEF41A00C1740C /* StudioManTests.h */; };
		016C5E7B12EEF41A00C1740C /* StudioManTests.m in Sources */ = {isa = PBXBuildFile; fileRef = 016C5E7A12EEF41A00C1740C /* StudioManTests.m */; };
		016C5E8512EF234A00C1740C /* COPYING in Resources */ = {isa = PBXBuildFile; fileRef = 016C5E8412EF234A00C1740C /* COPYING */; };
		01813E7C132DB0D300A4B975 /* SMTermMO.m in Sources */ = {isa = PBXBuildFile; fileRef = 01813E7B132DB0D300A4B975 /* SMTermMO.m */; };
		01813E7E132DB22100A4B975 /* AddressBook.framework in Frameworks */ = {isa = PBXBuildFile; fileRef = 01813E7D132DB22100A4B975 /* AddressBook.framework */; };
		01813E81132DB54800A4B975 /* SMRecordMO.m in Sources */ = {isa = PBXBuildFile; fileRef = 01813E80132DB54800A4B975 /* SMRecordMO.m */; };
		01A43B2813240852005EEA4B /* QuartzCore.framework in Frameworks */ = {isa = PBXBuildFile; fileRef = 01A43B2713240852005EEA4B /* QuartzCore.framework */; };
		01A43B3613248B68005EEA4B /* SMGroupMO.m in Sources */ = {isa = PBXBuildFile; fileRef = 01A43B3513248B67005EEA4B /* SMGroupMO.m */; };
		01A43B3913248CCB005EEA4B /* SMConstants.m in Sources */ = {isa = PBXBuildFile; fileRef = 01A43B3813248CCA005EEA4B /* SMConstants.m */; };
		01CC741A131647C4000A681E /* AmberFoundation-Info.plist in Resources */ = {isa = PBXBuildFile; fileRef = 01CC73F2131647C4000A681E /* AmberFoundation-Info.plist */; };
		01CC741B131647C4000A681E /* amberfoundation.doxyconf in Resources */ = {isa = PBXBuildFile; fileRef = 01CC73F3131647C4000A681E /* amberfoundation.doxyconf */; };
		01CC747B1316484B000A681E /* AmberKit-Info.plist in Resources */ = {isa = PBXBuildFile; fileRef = 01CC743B1316484B000A681E /* AmberKit-Info.plist */; };
		01CC747C1316484B000A681E /* amberkit.doxyconf in Resources */ = {isa = PBXBuildFile; fileRef = 01CC743C1316484B000A681E /* amberkit.doxyconf */; };
		01CC74A4131649EF000A681E /* AmberKit.framework in Frameworks */ = {isa = PBXBuildFile; fileRef = 01CC74A3131649EF000A681E /* AmberKit.framework */; };
		01CE6F14132DCA66000878F5 /* SMPropertyMO.m in Sources */ = {isa = PBXBuildFile; fileRef = 01CE6F13132DCA66000878F5 /* SMPropertyMO.m */; };
		01CE6F17132DCA8E000878F5 /* SMEmailMO.m in Sources */ = {isa = PBXBuildFile; fileRef = 01CE6F16132DCA8E000878F5 /* SMEmailMO.m */; };
		01CE6F1D132DCAF1000878F5 /* SMAddressMO.m in Sources */ = {isa = PBXBuildFile; fileRef = 01CE6F1C132DCAF1000878F5 /* SMAddressMO.m */; };
		01CE6F20132DCB05000878F5 /* SMPhoneMO.m in Sources */ = {isa = PBXBuildFile; fileRef = 01CE6F1F132DCB05000878F5 /* SMPhoneMO.m */; };
		01CE6F23132DCB16000878F5 /* SMPersonMO.m in Sources */ = {isa = PBXBuildFile; fileRef = 01CE6F22132DCB16000878F5 /* SMPersonMO.m */; };
		01DA380913335318009054EB /* SMAddGroupSheet.xib in Resources */ = {isa = PBXBuildFile; fileRef = 01DA380813335317009054EB /* SMAddGroupSheet.xib */; };
		01DA380C1333542F009054EB /* SMAddGroupSheetController.m in Sources */ = {isa = PBXBuildFile; fileRef = 01DA380B1333542E009054EB /* SMAddGroupSheetController.m */; };
		F37EB13C1308825900BBEEDA /* SMCalendarView.m in Sources */ = {isa = PBXBuildFile; fileRef = F37EB13B1308825900BBEEDA /* SMCalendarView.m */; };
		F388BBEF13084C6700DF97BE /* NSSplitView+Additions.m in Sources */ = {isa = PBXBuildFile; fileRef = F388BBEE13084C6700DF97BE /* NSSplitView+Additions.m */; };
		F3A3F45D1301AD110094138A /* plus.tiff in Resources */ = {isa = PBXBuildFile; fileRef = F3A3F45C1301AD110094138A /* plus.tiff */; };
		F3A3F45F1301ADA80094138A /* Calendars_Off.png in Resources */ = {isa = PBXBuildFile; fileRef = F3A3F45E1301ADA80094138A /* Calendars_Off.png */; };
		F3A3F4611301ADB00094138A /* Calendars_On.png in Resources */ = {isa = PBXBuildFile; fileRef = F3A3F4601301ADB00094138A /* Calendars_On.png */; };
/* End PBXBuildFile section */

/* Begin PBXContainerItemProxy section */
		01CC7428131647C5000A681E /* PBXContainerItemProxy */ = {
			isa = PBXContainerItemProxy;
			containerPortal = 01CC73F6131647C4000A681E /* AmberFoundation.xcodeproj */;
			proxyType = 2;
			remoteGlobalIDString = 539A60C30D2698B7001CD14A;
			remoteInfo = AmberFoundation;
		};
		01CC742A131647C5000A681E /* PBXContainerItemProxy */ = {
			isa = PBXContainerItemProxy;
			containerPortal = 01CC73F6131647C4000A681E /* AmberFoundation.xcodeproj */;
			proxyType = 2;
			remoteGlobalIDString = 532F73DE0F0EB1AA004D6056;
			remoteInfo = "AmberFoundation Touch";
		};
		01CC742D131647E8000A681E /* PBXContainerItemProxy */ = {
			isa = PBXContainerItemProxy;
			containerPortal = 01CC73F6131647C4000A681E /* AmberFoundation.xcodeproj */;
			proxyType = 1;
			remoteGlobalIDString = 539A60C20D2698B7001CD14A;
			remoteInfo = AmberFoundation;
		};
		01CC74971316484B000A681E /* PBXContainerItemProxy */ = {
			isa = PBXContainerItemProxy;
			containerPortal = 01CC743F1316484B000A681E /* AmberKit.xcodeproj */;
			proxyType = 2;
			remoteGlobalIDString = 53EE97470F190070008AD8C0;
			remoteInfo = AmberKit;
		};
		01CC74991316484B000A681E /* PBXContainerItemProxy */ = {
			isa = PBXContainerItemProxy;
			containerPortal = 01CC743F1316484B000A681E /* AmberKit.xcodeproj */;
			proxyType = 2;
			remoteGlobalIDString = 53599FA610A86D900064F48C;
			remoteInfo = "AmberKit Touch";
		};
		01CC749B1316484B000A681E /* PBXContainerItemProxy */ = {
			isa = PBXContainerItemProxy;
			containerPortal = 01CC743F1316484B000A681E /* AmberKit.xcodeproj */;
			proxyType = 2;
			remoteGlobalIDString = 537917750F7FC43B0064EB92;
			remoteInfo = CoreAmberKit;
		};
		01CC749D13164885000A681E /* PBXContainerItemProxy */ = {
			isa = PBXContainerItemProxy;
			containerPortal = 01CC743F1316484B000A681E /* AmberKit.xcodeproj */;
			proxyType = 1;
			remoteGlobalIDString = 53EE97460F190070008AD8C0;
			remoteInfo = AmberKit;
		};
/* End PBXContainerItemProxy section */

/* Begin PBXFileReference section */
		016C5E4812EEF41900C1740C /* StudioMan.app */ = {isa = PBXFileReference; explicitFileType = wrapper.application; includeInIndex = 0; path = StudioMan.app; sourceTree = BUILT_PRODUCTS_DIR; };
		016C5E4C12EEF41900C1740C /* Cocoa.framework */ = {isa = PBXFileReference; lastKnownFileType = wrapper.framework; name = Cocoa.framework; path = System/Library/Frameworks/Cocoa.framework; sourceTree = SDKROOT; };
		016C5E4F12EEF41900C1740C /* AppKit.framework */ = {isa = PBXFileReference; lastKnownFileType = wrapper.framework; name = AppKit.framework; path = System/Library/Frameworks/AppKit.framework; sourceTree = SDKROOT; };
		016C5E5012EEF41900C1740C /* CoreData.framework */ = {isa = PBXFileReference; lastKnownFileType = wrapper.framework; name = CoreData.framework; path = System/Library/Frameworks/CoreData.framework; sourceTree = SDKROOT; };
		016C5E5112EEF41900C1740C /* Foundation.framework */ = {isa = PBXFileReference; lastKnownFileType = wrapper.framework; name = Foundation.framework; path = System/Library/Frameworks/Foundation.framework; sourceTree = SDKROOT; };
		016C5E5412EEF41900C1740C /* StudioMan-Info.plist */ = {isa = PBXFileReference; lastKnownFileType = text.plist.xml; path = "StudioMan-Info.plist"; sourceTree = "<group>"; };
		016C5E5612EEF41900C1740C /* en */ = {isa = PBXFileReference; lastKnownFileType = text.plist.strings; name = en; path = en.lproj/InfoPlist.strings; sourceTree = "<group>"; };
		016C5E5812EEF41900C1740C /* StudioMan-Prefix.pch */ = {isa = PBXFileReference; lastKnownFileType = sourcecode.c.h; path = "StudioMan-Prefix.pch"; sourceTree = "<group>"; };
		016C5E5912EEF41900C1740C /* main.m */ = {isa = PBXFileReference; lastKnownFileType = sourcecode.c.objc; path = main.m; sourceTree = "<group>"; };
		016C5E5C12EEF41900C1740C /* en */ = {isa = PBXFileReference; lastKnownFileType = text.rtf; name = en; path = en.lproj/Credits.rtf; sourceTree = "<group>"; };
		016C5E5E12EEF41900C1740C /* SMTerm.h */ = {isa = PBXFileReference; lastKnownFileType = sourcecode.c.h; path = SMTerm.h; sourceTree = "<group>"; };
		016C5E5F12EEF41900C1740C /* SMTerm.m */ = {isa = PBXFileReference; lastKnownFileType = sourcecode.c.objc; path = SMTerm.m; sourceTree = "<group>"; };
		016C5E6212EEF41900C1740C /* en */ = {isa = PBXFileReference; lastKnownFileType = file.xib; name = en; path = en.lproj/SMTerm.xib; sourceTree = "<group>"; };
		016C5E6512EEF41A00C1740C /* en */ = {isa = PBXFileReference; lastKnownFileType = file.xib; name = en; path = en.lproj/MainMenu.xib; sourceTree = "<group>"; };
		016C5E6812EEF41A00C1740C /* SMTerm.xcdatamodel */ = {isa = PBXFileReference; lastKnownFileType = wrapper.xcdatamodel; path = SMTerm.xcdatamodel; sourceTree = "<group>"; };
		016C5E6F12EEF41A00C1740C /* StudioManTests.octest */ = {isa = PBXFileReference; explicitFileType = wrapper.cfbundle; includeInIndex = 0; path = StudioManTests.octest; sourceTree = BUILT_PRODUCTS_DIR; };
		016C5E7312EEF41A00C1740C /* StudioManTests-Info.plist */ = {isa = PBXFileReference; lastKnownFileType = text.plist.xml; path = "StudioManTests-Info.plist"; sourceTree = "<group>"; };
		016C5E7512EEF41A00C1740C /* en */ = {isa = PBXFileReference; lastKnownFileType = text.plist.strings; name = en; path = en.lproj/InfoPlist.strings; sourceTree = "<group>"; };
		016C5E7712EEF41A00C1740C /* StudioManTests-Prefix.pch */ = {isa = PBXFileReference; lastKnownFileType = sourcecode.c.h; path = "StudioManTests-Prefix.pch"; sourceTree = "<group>"; };
		016C5E7812EEF41A00C1740C /* StudioManTests.h */ = {isa = PBXFileReference; lastKnownFileType = sourcecode.c.h; path = StudioManTests.h; sourceTree = "<group>"; };
		016C5E7A12EEF41A00C1740C /* StudioManTests.m */ = {isa = PBXFileReference; lastKnownFileType = sourcecode.c.objc; path = StudioManTests.m; sourceTree = "<group>"; };
		016C5E8412EF234A00C1740C /* COPYING */ = {isa = PBXFileReference; fileEncoding = 4; lastKnownFileType = text; path = COPYING; sourceTree = "<group>"; };
		01813E7A132DB0D200A4B975 /* SMTermMO.h */ = {isa = PBXFileReference; fileEncoding = 4; lastKnownFileType = sourcecode.c.h; path = SMTermMO.h; sourceTree = "<group>"; };
		01813E7B132DB0D300A4B975 /* SMTermMO.m */ = {isa = PBXFileReference; fileEncoding = 4; lastKnownFileType = sourcecode.c.objc; path = SMTermMO.m; sourceTree = "<group>"; };
		01813E7D132DB22100A4B975 /* AddressBook.framework */ = {isa = PBXFileReference; lastKnownFileType = wrapper.framework; name = AddressBook.framework; path = System/Library/Frameworks/AddressBook.framework; sourceTree = SDKROOT; };
		01813E7F132DB54800A4B975 /* SMRecordMO.h */ = {isa = PBXFileReference; fileEncoding = 4; lastKnownFileType = sourcecode.c.h; path = SMRecordMO.h; sourceTree = "<group>"; };
		01813E80132DB54800A4B975 /* SMRecordMO.m */ = {isa = PBXFileReference; fileEncoding = 4; lastKnownFileType = sourcecode.c.objc; path = SMRecordMO.m; sourceTree = "<group>"; };
		01A43B2713240852005EEA4B /* QuartzCore.framework */ = {isa = PBXFileReference; lastKnownFileType = wrapper.framework; name = QuartzCore.framework; path = System/Library/Frameworks/QuartzCore.framework; sourceTree = SDKROOT; };
		01A43B3413248B67005EEA4B /* SMGroupMO.h */ = {isa = PBXFileReference; fileEncoding = 4; lastKnownFileType = sourcecode.c.h; path = SMGroupMO.h; sourceTree = "<group>"; };
		01A43B3513248B67005EEA4B /* SMGroupMO.m */ = {isa = PBXFileReference; fileEncoding = 4; lastKnownFileType = sourcecode.c.objc; path = SMGroupMO.m; sourceTree = "<group>"; };
		01A43B3713248CC9005EEA4B /* SMConstants.h */ = {isa = PBXFileReference; fileEncoding = 4; lastKnownFileType = sourcecode.c.h; path = SMConstants.h; sourceTree = "<group>"; };
		01A43B3813248CCA005EEA4B /* SMConstants.m */ = {isa = PBXFileReference; fileEncoding = 4; lastKnownFileType = sourcecode.c.objc; path = SMConstants.m; sourceTree = "<group>"; };
		01CC73DC131647C4000A681E /* AFFoundationConstants.h */ = {isa = PBXFileReference; fileEncoding = 4; lastKnownFileType = sourcecode.c.h; path = AFFoundationConstants.h; sourceTree = "<group>"; };
		01CC73DD131647C4000A681E /* AFFoundationConstants.m */ = {isa = PBXFileReference; fileEncoding = 4; lastKnownFileType = sourcecode.c.objc; path = AFFoundationConstants.m; sourceTree = "<group>"; };
		01CC73DE131647C4000A681E /* AFFoundationMacros.h */ = {isa = PBXFileReference; fileEncoding = 4; lastKnownFileType = sourcecode.c.h; path = AFFoundationMacros.h; sourceTree = "<group>"; };
		01CC73DF131647C4000A681E /* AFFoundationMacros.m */ = {isa = PBXFileReference; fileEncoding = 4; lastKnownFileType = sourcecode.c.objc; path = AFFoundationMacros.m; sourceTree = "<group>"; };
		01CC73E0131647C4000A681E /* AFKeyIndexedArray.h */ = {isa = PBXFileReference; fileEncoding = 4; lastKnownFileType = sourcecode.c.h; path = AFKeyIndexedArray.h; sourceTree = "<group>"; };
		01CC73E1131647C4000A681E /* AFKeyIndexedArray.m */ = {isa = PBXFileReference; fileEncoding = 4; lastKnownFileType = sourcecode.c.objc; path = AFKeyIndexedArray.m; sourceTree = "<group>"; };
		01CC73E2131647C4000A681E /* AFKeyIndexedSet.h */ = {isa = PBXFileReference; fileEncoding = 4; lastKnownFileType = sourcecode.c.h; path = AFKeyIndexedSet.h; sourceTree = "<group>"; };
		01CC73E3131647C4000A681E /* AFKeyIndexedSet.m */ = {isa = PBXFileReference; fileEncoding = 4; lastKnownFileType = sourcecode.c.objc; path = AFKeyIndexedSet.m; sourceTree = "<group>"; };
		01CC73E4131647C4000A681E /* AFKeyPathAccumulatorProxy.h */ = {isa = PBXFileReference; fileEncoding = 4; lastKnownFileType = sourcecode.c.h; path = AFKeyPathAccumulatorProxy.h; sourceTree = "<group>"; };
		01CC73E5131647C4000A681E /* AFKeyPathAccumulatorProxy.m */ = {isa = PBXFileReference; fileEncoding = 4; lastKnownFileType = sourcecode.c.objc; path = AFKeyPathAccumulatorProxy.m; sourceTree = "<group>"; };
		01CC73E6131647C4000A681E /* AFPriorityProxy.h */ = {isa = PBXFileReference; fileEncoding = 4; lastKnownFileType = sourcecode.c.h; path = AFPriorityProxy.h; sourceTree = "<group>"; };
		01CC73E7131647C4000A681E /* AFPriorityProxy.m */ = {isa = PBXFileReference; fileEncoding = 4; lastKnownFileType = sourcecode.c.objc; path = AFPriorityProxy.m; sourceTree = "<group>"; };
		01CC73E8131647C4000A681E /* AFPropertyListProtocol.h */ = {isa = PBXFileReference; fileEncoding = 4; lastKnownFileType = sourcecode.c.h; path = AFPropertyListProtocol.h; sourceTree = "<group>"; };
		01CC73E9131647C4000A681E /* AFPropertyListProtocol.m */ = {isa = PBXFileReference; fileEncoding = 4; lastKnownFileType = sourcecode.c.objc; path = AFPropertyListProtocol.m; sourceTree = "<group>"; };
		01CC73EA131647C4000A681E /* AFProtocolProxy.h */ = {isa = PBXFileReference; fileEncoding = 4; lastKnownFileType = sourcecode.c.h; path = AFProtocolProxy.h; sourceTree = "<group>"; };
		01CC73EB131647C4000A681E /* AFProtocolProxy.m */ = {isa = PBXFileReference; fileEncoding = 4; lastKnownFileType = sourcecode.c.objc; path = AFProtocolProxy.m; sourceTree = "<group>"; };
		01CC73EC131647C4000A681E /* AFRange.h */ = {isa = PBXFileReference; fileEncoding = 4; lastKnownFileType = sourcecode.c.h; path = AFRange.h; sourceTree = "<group>"; };
		01CC73ED131647C4000A681E /* AFRange.m */ = {isa = PBXFileReference; fileEncoding = 4; lastKnownFileType = sourcecode.c.objc; path = AFRange.m; sourceTree = "<group>"; };
		01CC73EE131647C4000A681E /* AFTargetProxy.h */ = {isa = PBXFileReference; fileEncoding = 4; lastKnownFileType = sourcecode.c.h; path = AFTargetProxy.h; sourceTree = "<group>"; };
		01CC73EF131647C4000A681E /* AFTargetProxy.m */ = {isa = PBXFileReference; fileEncoding = 4; lastKnownFileType = sourcecode.c.objc; path = AFTargetProxy.m; sourceTree = "<group>"; };
		01CC73F0131647C4000A681E /* AFUserDefaults.h */ = {isa = PBXFileReference; fileEncoding = 4; lastKnownFileType = sourcecode.c.h; path = AFUserDefaults.h; sourceTree = "<group>"; };
		01CC73F1131647C4000A681E /* AFUserDefaults.m */ = {isa = PBXFileReference; fileEncoding = 4; lastKnownFileType = sourcecode.c.objc; path = AFUserDefaults.m; sourceTree = "<group>"; };
		01CC73F2131647C4000A681E /* AmberFoundation-Info.plist */ = {isa = PBXFileReference; fileEncoding = 4; lastKnownFileType = text.plist.xml; path = "AmberFoundation-Info.plist"; sourceTree = "<group>"; };
		01CC73F3131647C4000A681E /* amberfoundation.doxyconf */ = {isa = PBXFileReference; fileEncoding = 4; lastKnownFileType = text; path = amberfoundation.doxyconf; sourceTree = "<group>"; };
		01CC73F4131647C4000A681E /* AmberFoundation.h */ = {isa = PBXFileReference; fileEncoding = 4; lastKnownFileType = sourcecode.c.h; path = AmberFoundation.h; sourceTree = "<group>"; };
		01CC73F5131647C4000A681E /* AmberFoundation.m */ = {isa = PBXFileReference; fileEncoding = 4; lastKnownFileType = sourcecode.c.objc; path = AmberFoundation.m; sourceTree = "<group>"; };
		01CC73F6131647C4000A681E /* AmberFoundation.xcodeproj */ = {isa = PBXFileReference; lastKnownFileType = "wrapper.pb-project"; path = AmberFoundation.xcodeproj; sourceTree = "<group>"; };
		01CC73F9131647C4000A681E /* AmberFoundation_Prefix.pch */ = {isa = PBXFileReference; fileEncoding = 4; lastKnownFileType = sourcecode.c.h; path = AmberFoundation_Prefix.pch; sourceTree = "<group>"; };
		01CC73FA131647C4000A681E /* NSArray+Additions.h */ = {isa = PBXFileReference; fileEncoding = 4; lastKnownFileType = sourcecode.c.h; path = "NSArray+Additions.h"; sourceTree = "<group>"; };
		01CC73FB131647C4000A681E /* NSArray+Additions.m */ = {isa = PBXFileReference; fileEncoding = 4; lastKnownFileType = sourcecode.c.objc; path = "NSArray+Additions.m"; sourceTree = "<group>"; };
		01CC73FC131647C4000A681E /* NSBundle+Additions.h */ = {isa = PBXFileReference; fileEncoding = 4; lastKnownFileType = sourcecode.c.h; path = "NSBundle+Additions.h"; sourceTree = "<group>"; };
		01CC73FD131647C4000A681E /* NSBundle+Additions.m */ = {isa = PBXFileReference; fileEncoding = 4; lastKnownFileType = sourcecode.c.objc; path = "NSBundle+Additions.m"; sourceTree = "<group>"; };
		01CC73FE131647C4000A681E /* NSData+Additions.h */ = {isa = PBXFileReference; fileEncoding = 4; lastKnownFileType = sourcecode.c.h; path = "NSData+Additions.h"; sourceTree = "<group>"; };
		01CC73FF131647C4000A681E /* NSData+Additions.m */ = {isa = PBXFileReference; fileEncoding = 4; lastKnownFileType = sourcecode.c.objc; path = "NSData+Additions.m"; sourceTree = "<group>"; };
		01CC7400131647C4000A681E /* NSDate+Additions.h */ = {isa = PBXFileReference; fileEncoding = 4; lastKnownFileType = sourcecode.c.h; path = "NSDate+Additions.h"; sourceTree = "<group>"; };
		01CC7401131647C4000A681E /* NSDate+Additions.m */ = {isa = PBXFileReference; fileEncoding = 4; lastKnownFileType = sourcecode.c.objc; path = "NSDate+Additions.m"; sourceTree = "<group>"; };
		01CC7402131647C4000A681E /* NSObject+Additions.h */ = {isa = PBXFileReference; fileEncoding = 4; lastKnownFileType = sourcecode.c.h; path = "NSObject+Additions.h"; sourceTree = "<group>"; };
		01CC7403131647C4000A681E /* NSObject+Additions.m */ = {isa = PBXFileReference; fileEncoding = 4; lastKnownFileType = sourcecode.c.objc; path = "NSObject+Additions.m"; sourceTree = "<group>"; };
		01CC7404131647C4000A681E /* NSObject+Metadata.h */ = {isa = PBXFileReference; fileEncoding = 4; lastKnownFileType = sourcecode.c.h; path = "NSObject+Metadata.h"; sourceTree = "<group>"; };
		01CC7405131647C4000A681E /* NSObject+Metadata.m */ = {isa = PBXFileReference; fileEncoding = 4; lastKnownFileType = sourcecode.c.objc; path = "NSObject+Metadata.m"; sourceTree = "<group>"; };
		01CC7406131647C4000A681E /* NSSet+Additions.h */ = {isa = PBXFileReference; fileEncoding = 4; lastKnownFileType = sourcecode.c.h; path = "NSSet+Additions.h"; sourceTree = "<group>"; };
		01CC7407131647C4000A681E /* NSSet+Additions.m */ = {isa = PBXFileReference; fileEncoding = 4; lastKnownFileType = sourcecode.c.objc; path = "NSSet+Additions.m"; sourceTree = "<group>"; };
		01CC7408131647C4000A681E /* NSSortDescriptor+Additions.h */ = {isa = PBXFileReference; fileEncoding = 4; lastKnownFileType = sourcecode.c.h; path = "NSSortDescriptor+Additions.h"; sourceTree = "<group>"; };
		01CC7409131647C4000A681E /* NSSortDescriptor+Additions.m */ = {isa = PBXFileReference; fileEncoding = 4; lastKnownFileType = sourcecode.c.objc; path = "NSSortDescriptor+Additions.m"; sourceTree = "<group>"; };
		01CC740A131647C4000A681E /* NSString+Additions.h */ = {isa = PBXFileReference; fileEncoding = 4; lastKnownFileType = sourcecode.c.h; path = "NSString+Additions.h"; sourceTree = "<group>"; };
		01CC740B131647C4000A681E /* NSString+Additions.m */ = {isa = PBXFileReference; fileEncoding = 4; lastKnownFileType = sourcecode.c.objc; path = "NSString+Additions.m"; sourceTree = "<group>"; };
		01CC74311316484B000A681E /* AFActivationCell.h */ = {isa = PBXFileReference; fileEncoding = 4; lastKnownFileType = sourcecode.c.h; path = AFActivationCell.h; sourceTree = "<group>"; };
		01CC74321316484B000A681E /* AFActivationCell.m */ = {isa = PBXFileReference; fileEncoding = 4; lastKnownFileType = sourcecode.c.objc; path = AFActivationCell.m; sourceTree = "<group>"; };
		01CC74331316484B000A681E /* AFActivationControl.h */ = {isa = PBXFileReference; fileEncoding = 4; lastKnownFileType = sourcecode.c.h; path = AFActivationControl.h; sourceTree = "<group>"; };
		01CC74341316484B000A681E /* AFActivationControl.m */ = {isa = PBXFileReference; fileEncoding = 4; lastKnownFileType = sourcecode.c.objc; path = AFActivationControl.m; sourceTree = "<group>"; };
		01CC74351316484B000A681E /* AFGeometry.h */ = {isa = PBXFileReference; fileEncoding = 4; lastKnownFileType = sourcecode.c.h; path = AFGeometry.h; sourceTree = "<group>"; };
		01CC74361316484B000A681E /* AFGeometry.m */ = {isa = PBXFileReference; fileEncoding = 4; lastKnownFileType = sourcecode.c.objc; path = AFGeometry.m; sourceTree = "<group>"; };
		01CC74371316484B000A681E /* AFKeyValueBinding.h */ = {isa = PBXFileReference; fileEncoding = 4; lastKnownFileType = sourcecode.c.h; path = AFKeyValueBinding.h; sourceTree = "<group>"; };
		01CC74381316484B000A681E /* AFKeyValueBinding.m */ = {isa = PBXFileReference; fileEncoding = 4; lastKnownFileType = sourcecode.c.objc; path = AFKeyValueBinding.m; sourceTree = "<group>"; };
		01CC74391316484B000A681E /* AFKitConstants.h */ = {isa = PBXFileReference; fileEncoding = 4; lastKnownFileType = sourcecode.c.h; path = AFKitConstants.h; sourceTree = "<group>"; };
		01CC743A1316484B000A681E /* AFKitConstants.m */ = {isa = PBXFileReference; fileEncoding = 4; lastKnownFileType = sourcecode.c.objc; path = AFKitConstants.m; sourceTree = "<group>"; };
		01CC743B1316484B000A681E /* AmberKit-Info.plist */ = {isa = PBXFileReference; fileEncoding = 4; lastKnownFileType = text.plist.xml; path = "AmberKit-Info.plist"; sourceTree = "<group>"; };
		01CC743C1316484B000A681E /* amberkit.doxyconf */ = {isa = PBXFileReference; fileEncoding = 4; lastKnownFileType = text; path = amberkit.doxyconf; sourceTree = "<group>"; };
		01CC743D1316484B000A681E /* AmberKit.h */ = {isa = PBXFileReference; fileEncoding = 4; lastKnownFileType = sourcecode.c.h; path = AmberKit.h; sourceTree = "<group>"; };
		01CC743E1316484B000A681E /* AmberKit.m */ = {isa = PBXFileReference; fileEncoding = 4; lastKnownFileType = sourcecode.c.objc; path = AmberKit.m; sourceTree = "<group>"; };
		01CC743F1316484B000A681E /* AmberKit.xcodeproj */ = {isa = PBXFileReference; lastKnownFileType = "wrapper.pb-project"; path = AmberKit.xcodeproj; sourceTree = "<group>"; };
		01CC74421316484B000A681E /* AmberKit_Prefix.pch */ = {isa = PBXFileReference; fileEncoding = 4; lastKnownFileType = sourcecode.c.h; path = AmberKit_Prefix.pch; sourceTree = "<group>"; };
		01CC74441316484B000A681E /* AFCalendarButton.h */ = {isa = PBXFileReference; fileEncoding = 4; lastKnownFileType = sourcecode.c.h; path = AFCalendarButton.h; sourceTree = "<group>"; };
		01CC74451316484B000A681E /* AFCalendarButton.m */ = {isa = PBXFileReference; fileEncoding = 4; lastKnownFileType = sourcecode.c.objc; path = AFCalendarButton.m; sourceTree = "<group>"; };
		01CC74461316484B000A681E /* AFCalendarControl.h */ = {isa = PBXFileReference; fileEncoding = 4; lastKnownFileType = sourcecode.c.h; path = AFCalendarControl.h; sourceTree = "<group>"; };
		01CC74471316484B000A681E /* AFCalendarControl.m */ = {isa = PBXFileReference; fileEncoding = 4; lastKnownFileType = sourcecode.c.objc; path = AFCalendarControl.m; sourceTree = "<group>"; };
		01CC74481316484B000A681E /* AFCalendarControlCell.h */ = {isa = PBXFileReference; fileEncoding = 4; lastKnownFileType = sourcecode.c.h; path = AFCalendarControlCell.h; sourceTree = "<group>"; };
		01CC74491316484B000A681E /* AFCalendarControlCell.m */ = {isa = PBXFileReference; fileEncoding = 4; lastKnownFileType = sourcecode.c.objc; lineEnding = 0; path = AFCalendarControlCell.m; sourceTree = "<group>"; xcLanguageSpecificationIdentifier = xcode.lang.objc; };
		01CC744A1316484B000A681E /* AFSegmentedWeekControl.h */ = {isa = PBXFileReference; fileEncoding = 4; lastKnownFileType = sourcecode.c.h; path = AFSegmentedWeekControl.h; sourceTree = "<group>"; };
		01CC744B1316484B000A681E /* AFSegmentedWeekControl.m */ = {isa = PBXFileReference; fileEncoding = 4; lastKnownFileType = sourcecode.c.objc; path = AFSegmentedWeekControl.m; sourceTree = "<group>"; };
		01CC744C1316484B000A681E /* AFWeekSegmentCell.h */ = {isa = PBXFileReference; fileEncoding = 4; lastKnownFileType = sourcecode.c.h; path = AFWeekSegmentCell.h; sourceTree = "<group>"; };
		01CC744D1316484B000A681E /* AFWeekSegmentCell.m */ = {isa = PBXFileReference; fileEncoding = 4; lastKnownFileType = sourcecode.c.objc; lineEnding = 0; path = AFWeekSegmentCell.m; sourceTree = "<group>"; xcLanguageSpecificationIdentifier = xcode.lang.objc; };
		01CC744E1316484B000A681E /* CoreAmberKit.h */ = {isa = PBXFileReference; fileEncoding = 4; lastKnownFileType = sourcecode.c.h; lineEnding = 0; path = CoreAmberKit.h; sourceTree = "<group>"; xcLanguageSpecificationIdentifier = xcode.lang.objcpp; };
		01CC744F1316484B000A681E /* CoreAmberKit.m */ = {isa = PBXFileReference; fileEncoding = 4; lastKnownFileType = sourcecode.c.objc; lineEnding = 0; path = CoreAmberKit.m; sourceTree = "<group>"; xcLanguageSpecificationIdentifier = xcode.lang.objc; };
		01CC74501316484B000A681E /* NSBezierPath+Additions.h */ = {isa = PBXFileReference; fileEncoding = 4; lastKnownFileType = sourcecode.c.h; path = "NSBezierPath+Additions.h"; sourceTree = "<group>"; };
		01CC74511316484B000A681E /* NSBezierPath+Additions.m */ = {isa = PBXFileReference; fileEncoding = 4; lastKnownFileType = sourcecode.c.objc; path = "NSBezierPath+Additions.m"; sourceTree = "<group>"; };
		01CC74521316484B000A681E /* NSBundle+Additions.h */ = {isa = PBXFileReference; fileEncoding = 4; lastKnownFileType = sourcecode.c.h; path = "NSBundle+Additions.h"; sourceTree = "<group>"; };
		01CC74531316484B000A681E /* NSBundle+Additions.m */ = {isa = PBXFileReference; fileEncoding = 4; lastKnownFileType = sourcecode.c.objc; path = "NSBundle+Additions.m"; sourceTree = "<group>"; };
		01CC74541316484B000A681E /* NSControl+Additions.h */ = {isa = PBXFileReference; fileEncoding = 4; lastKnownFileType = sourcecode.c.h; path = "NSControl+Additions.h"; sourceTree = "<group>"; };
		01CC74551316484B000A681E /* NSControl+Additions.m */ = {isa = PBXFileReference; fileEncoding = 4; lastKnownFileType = sourcecode.c.objc; path = "NSControl+Additions.m"; sourceTree = "<group>"; };
		01CC74561316484B000A681E /* NSGradient+Additions.h */ = {isa = PBXFileReference; fileEncoding = 4; lastKnownFileType = sourcecode.c.h; path = "NSGradient+Additions.h"; sourceTree = "<group>"; };
		01CC74571316484B000A681E /* NSGradient+Additions.m */ = {isa = PBXFileReference; fileEncoding = 4; lastKnownFileType = sourcecode.c.objc; path = "NSGradient+Additions.m"; sourceTree = "<group>"; };
		01CC74581316484B000A681E /* NSTreeController+Additions.h */ = {isa = PBXFileReference; fileEncoding = 4; lastKnownFileType = sourcecode.c.h; path = "NSTreeController+Additions.h"; sourceTree = "<group>"; };
		01CC74591316484B000A681E /* NSTreeController+Additions.m */ = {isa = PBXFileReference; fileEncoding = 4; lastKnownFileType = sourcecode.c.objc; path = "NSTreeController+Additions.m"; sourceTree = "<group>"; };
		01CC745A1316484B000A681E /* NSTreeNode+Additions.h */ = {isa = PBXFileReference; fileEncoding = 4; lastKnownFileType = sourcecode.c.h; path = "NSTreeNode+Additions.h"; sourceTree = "<group>"; };
		01CC745B1316484B000A681E /* NSTreeNode+Additions.m */ = {isa = PBXFileReference; fileEncoding = 4; lastKnownFileType = sourcecode.c.objc; path = "NSTreeNode+Additions.m"; sourceTree = "<group>"; };
		01CC745D1316484B000A681E /* AFDisclosureButton.h */ = {isa = PBXFileReference; fileEncoding = 4; lastKnownFileType = sourcecode.c.h; path = AFDisclosureButton.h; sourceTree = "<group>"; };
		01CC745E1316484B000A681E /* AFDisclosureButton.m */ = {isa = PBXFileReference; fileEncoding = 4; lastKnownFileType = sourcecode.c.objc; path = AFDisclosureButton.m; sourceTree = "<group>"; };
		01CC745F1316484B000A681E /* AFImageTextCell.h */ = {isa = PBXFileReference; fileEncoding = 4; lastKnownFileType = sourcecode.c.h; path = AFImageTextCell.h; sourceTree = "<group>"; };
		01CC74601316484B000A681E /* AFImageTextCell.m */ = {isa = PBXFileReference; fileEncoding = 4; lastKnownFileType = sourcecode.c.objc; path = AFImageTextCell.m; sourceTree = "<group>"; };
		01CC74611316484B000A681E /* AFLibrary.h */ = {isa = PBXFileReference; fileEncoding = 4; lastKnownFileType = sourcecode.c.h; path = AFLibrary.h; sourceTree = "<group>"; };
		01CC74621316484B000A681E /* AFLibrary.m */ = {isa = PBXFileReference; fileEncoding = 4; lastKnownFileType = sourcecode.c.objc; path = AFLibrary.m; sourceTree = "<group>"; };
		01CC74631316484B000A681E /* AFLocateLibraryWindowController.h */ = {isa = PBXFileReference; fileEncoding = 4; lastKnownFileType = sourcecode.c.h; path = AFLocateLibraryWindowController.h; sourceTree = "<group>"; };
		01CC74641316484B000A681E /* AFLocateLibraryWindowController.m */ = {isa = PBXFileReference; fileEncoding = 4; lastKnownFileType = sourcecode.c.objc; path = AFLocateLibraryWindowController.m; sourceTree = "<group>"; };
		01CC74651316484B000A681E /* AFSourceList.h */ = {isa = PBXFileReference; fileEncoding = 4; lastKnownFileType = sourcecode.c.h; path = AFSourceList.h; sourceTree = "<group>"; };
		01CC74661316484B000A681E /* AFSourceList.m */ = {isa = PBXFileReference; fileEncoding = 4; lastKnownFileType = sourcecode.c.objc; lineEnding = 0; path = AFSourceList.m; sourceTree = "<group>"; xcLanguageSpecificationIdentifier = xcode.lang.objc; };
		01CC74671316484B000A681E /* AFSourceNode.h */ = {isa = PBXFileReference; fileEncoding = 4; lastKnownFileType = sourcecode.c.h; path = AFSourceNode.h; sourceTree = "<group>"; };
		01CC74681316484B000A681E /* AFSourceNode.m */ = {isa = PBXFileReference; fileEncoding = 4; lastKnownFileType = sourcecode.c.objc; path = AFSourceNode.m; sourceTree = "<group>"; };
		01CC74691316484B000A681E /* AFTextFieldCell.h */ = {isa = PBXFileReference; fileEncoding = 4; lastKnownFileType = sourcecode.c.h; path = AFTextFieldCell.h; sourceTree = "<group>"; };
		01CC746A1316484B000A681E /* AFTextFieldCell.m */ = {isa = PBXFileReference; fileEncoding = 4; lastKnownFileType = sourcecode.c.objc; path = AFTextFieldCell.m; sourceTree = "<group>"; };
		01CC746C1316484B000A681E /* AFGradientButton.h */ = {isa = PBXFileReference; fileEncoding = 4; lastKnownFileType = sourcecode.c.h; path = AFGradientButton.h; sourceTree = "<group>"; };
		01CC746D1316484B000A681E /* AFGradientButton.m */ = {isa = PBXFileReference; fileEncoding = 4; lastKnownFileType = sourcecode.c.objc; path = AFGradientButton.m; sourceTree = "<group>"; };
		01CC746E1316484B000A681E /* AFGradientCell.h */ = {isa = PBXFileReference; fileEncoding = 4; lastKnownFileType = sourcecode.c.h; path = AFGradientCell.h; sourceTree = "<group>"; };
		01CC746F1316484B000A681E /* AFGradientCell.m */ = {isa = PBXFileReference; fileEncoding = 4; lastKnownFileType = sourcecode.c.objc; lineEnding = 0; path = AFGradientCell.m; sourceTree = "<group>"; xcLanguageSpecificationIdentifier = xcode.lang.objc; };
		01CC74701316484B000A681E /* AFSwitchControl.h */ = {isa = PBXFileReference; fileEncoding = 4; lastKnownFileType = sourcecode.c.h; path = AFSwitchControl.h; sourceTree = "<group>"; };
		01CC74711316484B000A681E /* AFSwitchControl.m */ = {isa = PBXFileReference; fileEncoding = 4; lastKnownFileType = sourcecode.c.objc; lineEnding = 0; path = AFSwitchControl.m; sourceTree = "<group>"; xcLanguageSpecificationIdentifier = xcode.lang.objc; };
		01CC74A3131649EF000A681E /* AmberKit.framework */ = {isa = PBXFileReference; explicitFileType = wrapper.framework; path = AmberKit.framework; sourceTree = BUILT_PRODUCTS_DIR; };
		01CC74A5131649F4000A681E /* AmberFoundation.framework */ = {isa = PBXFileReference; explicitFileType = wrapper.framework; path = AmberFoundation.framework; sourceTree = BUILT_PRODUCTS_DIR; };
		01CE6F12132DCA66000878F5 /* SMPropertyMO.h */ = {isa = PBXFileReference; fileEncoding = 4; lastKnownFileType = sourcecode.c.h; path = SMPropertyMO.h; sourceTree = "<group>"; };
		01CE6F13132DCA66000878F5 /* SMPropertyMO.m */ = {isa = PBXFileReference; fileEncoding = 4; lastKnownFileType = sourcecode.c.objc; path = SMPropertyMO.m; sourceTree = "<group>"; };
		01CE6F15132DCA8E000878F5 /* SMEmailMO.h */ = {isa = PBXFileReference; fileEncoding = 4; lastKnownFileType = sourcecode.c.h; path = SMEmailMO.h; sourceTree = "<group>"; };
		01CE6F16132DCA8E000878F5 /* SMEmailMO.m */ = {isa = PBXFileReference; fileEncoding = 4; lastKnownFileType = sourcecode.c.objc; path = SMEmailMO.m; sourceTree = "<group>"; };
		01CE6F1B132DCAF1000878F5 /* SMAddressMO.h */ = {isa = PBXFileReference; fileEncoding = 4; lastKnownFileType = sourcecode.c.h; path = SMAddressMO.h; sourceTree = "<group>"; };
		01CE6F1C132DCAF1000878F5 /* SMAddressMO.m */ = {isa = PBXFileReference; fileEncoding = 4; lastKnownFileType = sourcecode.c.objc; path = SMAddressMO.m; sourceTree = "<group>"; };
		01CE6F1E132DCB05000878F5 /* SMPhoneMO.h */ = {isa = PBXFileReference; fileEncoding = 4; lastKnownFileType = sourcecode.c.h; path = SMPhoneMO.h; sourceTree = "<group>"; };
		01CE6F1F132DCB05000878F5 /* SMPhoneMO.m */ = {isa = PBXFileReference; fileEncoding = 4; lastKnownFileType = sourcecode.c.objc; path = SMPhoneMO.m; sourceTree = "<group>"; };
		01CE6F21132DCB16000878F5 /* SMPersonMO.h */ = {isa = PBXFileReference; fileEncoding = 4; lastKnownFileType = sourcecode.c.h; path = SMPersonMO.h; sourceTree = "<group>"; };
		01CE6F22132DCB16000878F5 /* SMPersonMO.m */ = {isa = PBXFileReference; fileEncoding = 4; lastKnownFileType = sourcecode.c.objc; path = SMPersonMO.m; sourceTree = "<group>"; };
		01DA380813335317009054EB /* SMAddGroupSheet.xib */ = {isa = PBXFileReference; fileEncoding = 4; lastKnownFileType = file.xib; path = SMAddGroupSheet.xib; sourceTree = "<group>"; };
		01DA380A1333542E009054EB /* SMAddGroupSheetController.h */ = {isa = PBXFileReference; fileEncoding = 4; lastKnownFileType = sourcecode.c.h; path = SMAddGroupSheetController.h; sourceTree = "<group>"; };
		01DA380B1333542E009054EB /* SMAddGroupSheetController.m */ = {isa = PBXFileReference; fileEncoding = 4; lastKnownFileType = sourcecode.c.objc; path = SMAddGroupSheetController.m; sourceTree = "<group>"; };
		F37EB13A1308825900BBEEDA /* SMCalendarView.h */ = {isa = PBXFileReference; fileEncoding = 4; lastKnownFileType = sourcecode.c.h; path = SMCalendarView.h; sourceTree = "<group>"; };
		F37EB13B1308825900BBEEDA /* SMCalendarView.m */ = {isa = PBXFileReference; fileEncoding = 4; lastKnownFileType = sourcecode.c.objc; path = SMCalendarView.m; sourceTree = "<group>"; };
		F388BBED13084C6700DF97BE /* NSSplitView+Additions.h */ = {isa = PBXFileReference; fileEncoding = 4; lastKnownFileType = sourcecode.c.h; path = "NSSplitView+Additions.h"; sourceTree = "<group>"; };
		F388BBEE13084C6700DF97BE /* NSSplitView+Additions.m */ = {isa = PBXFileReference; fileEncoding = 4; lastKnownFileType = sourcecode.c.objc; path = "NSSplitView+Additions.m"; sourceTree = "<group>"; };
		F3A3F45C1301AD110094138A /* plus.tiff */ = {isa = PBXFileReference; lastKnownFileType = image.tiff; path = plus.tiff; sourceTree = "<group>"; };
		F3A3F45E1301ADA80094138A /* Calendars_Off.png */ = {isa = PBXFileReference; lastKnownFileType = image.png; path = Calendars_Off.png; sourceTree = "<group>"; };
		F3A3F4601301ADB00094138A /* Calendars_On.png */ = {isa = PBXFileReference; lastKnownFileType = image.png; path = Calendars_On.png; sourceTree = "<group>"; };
/* End PBXFileReference section */

/* Begin PBXFrameworksBuildPhase section */
		016C5E4512EEF41900C1740C /* Frameworks */ = {
			isa = PBXFrameworksBuildPhase;
			buildActionMask = 2147483647;
			files = (
				01813E7E132DB22100A4B975 /* AddressBook.framework in Frameworks */,
				01A43B2813240852005EEA4B /* QuartzCore.framework in Frameworks */,
				01CC74A4131649EF000A681E /* AmberKit.framework in Frameworks */,
				016C5E4D12EEF41900C1740C /* Cocoa.framework in Frameworks */,
			);
			runOnlyForDeploymentPostprocessing = 0;
		};
		016C5E6B12EEF41A00C1740C /* Frameworks */ = {
			isa = PBXFrameworksBuildPhase;
			buildActionMask = 2147483647;
			files = (
				016C5E7012EEF41A00C1740C /* Cocoa.framework in Frameworks */,
			);
			runOnlyForDeploymentPostprocessing = 0;
		};
/* End PBXFrameworksBuildPhase section */

/* Begin PBXGroup section */
		016C5E3D12EEF41900C1740C = {
			isa = PBXGroup;
			children = (
				01813E7D132DB22100A4B975 /* AddressBook.framework */,
				01A43B2713240852005EEA4B /* QuartzCore.framework */,
				01CC74A5131649F4000A681E /* AmberFoundation.framework */,
				01CC74A3131649EF000A681E /* AmberKit.framework */,
				01CC742F1316484B000A681E /* AmberKit */,
				01CC73DB131647C4000A681E /* AmberFoundation */,
				016C5E5212EEF41900C1740C /* StudioMan */,
				016C5E7112EEF41A00C1740C /* StudioManTests */,
				016C5E4B12EEF41900C1740C /* Frameworks */,
				016C5E4912EEF41900C1740C /* Products */,
			);
			sourceTree = "<group>";
		};
		016C5E4912EEF41900C1740C /* Products */ = {
			isa = PBXGroup;
			children = (
				016C5E4812EEF41900C1740C /* StudioMan.app */,
				016C5E6F12EEF41A00C1740C /* StudioManTests.octest */,
			);
			name = Products;
			sourceTree = "<group>";
		};
		016C5E4B12EEF41900C1740C /* Frameworks */ = {
			isa = PBXGroup;
			children = (
				016C5E4C12EEF41900C1740C /* Cocoa.framework */,
				016C5E4E12EEF41900C1740C /* Other Frameworks */,
			);
			name = Frameworks;
			sourceTree = "<group>";
		};
		016C5E4E12EEF41900C1740C /* Other Frameworks */ = {
			isa = PBXGroup;
			children = (
				016C5E4F12EEF41900C1740C /* AppKit.framework */,
				016C5E5012EEF41900C1740C /* CoreData.framework */,
				016C5E5112EEF41900C1740C /* Foundation.framework */,
			);
			name = "Other Frameworks";
			sourceTree = "<group>";
		};
		016C5E5212EEF41900C1740C /* StudioMan */ = {
			isa = PBXGroup;
			children = (
				01813E7F132DB54800A4B975 /* SMRecordMO.h */,
				01813E80132DB54800A4B975 /* SMRecordMO.m */,
				01813E7A132DB0D200A4B975 /* SMTermMO.h */,
				01813E7B132DB0D300A4B975 /* SMTermMO.m */,
				01A43B3413248B67005EEA4B /* SMGroupMO.h */,
				01A43B3513248B67005EEA4B /* SMGroupMO.m */,
				01CE6F21132DCB16000878F5 /* SMPersonMO.h */,
				01CE6F22132DCB16000878F5 /* SMPersonMO.m */,
				01CE6F12132DCA66000878F5 /* SMPropertyMO.h */,
				01CE6F13132DCA66000878F5 /* SMPropertyMO.m */,
				01CE6F15132DCA8E000878F5 /* SMEmailMO.h */,
				01CE6F16132DCA8E000878F5 /* SMEmailMO.m */,
				01CE6F1B132DCAF1000878F5 /* SMAddressMO.h */,
				01CE6F1C132DCAF1000878F5 /* SMAddressMO.m */,
				01CE6F1E132DCB05000878F5 /* SMPhoneMO.h */,
				01CE6F1F132DCB05000878F5 /* SMPhoneMO.m */,
				016C5E5E12EEF41900C1740C /* SMTerm.h */,
				016C5E5F12EEF41900C1740C /* SMTerm.m */,
				01DA380A1333542E009054EB /* SMAddGroupSheetController.h */,
				01DA380B1333542E009054EB /* SMAddGroupSheetController.m */,
				01A43B3713248CC9005EEA4B /* SMConstants.h */,
				01A43B3813248CCA005EEA4B /* SMConstants.m */,
				F37EB13A1308825900BBEEDA /* SMCalendarView.h */,
				F37EB13B1308825900BBEEDA /* SMCalendarView.m */,
				F388BBED13084C6700DF97BE /* NSSplitView+Additions.h */,
				F388BBEE13084C6700DF97BE /* NSSplitView+Additions.m */,
				016C5E6112EEF41900C1740C /* SMTerm.xib */,
				01DA380813335317009054EB /* SMAddGroupSheet.xib */,
				016C5E6412EEF41A00C1740C /* MainMenu.xib */,
				016C5E6712EEF41A00C1740C /* SMTerm.xcdatamodeld */,
				016C5E5312EEF41900C1740C /* Supporting Files */,
				016C5E8412EF234A00C1740C /* COPYING */,
			);
			path = StudioMan;
			sourceTree = "<group>";
		};
		016C5E5312EEF41900C1740C /* Supporting Files */ = {
			isa = PBXGroup;
			children = (
				F3A3F4601301ADB00094138A /* Calendars_On.png */,
				F3A3F45E1301ADA80094138A /* Calendars_Off.png */,
				F3A3F45C1301AD110094138A /* plus.tiff */,
				016C5E5412EEF41900C1740C /* StudioMan-Info.plist */,
				016C5E5512EEF41900C1740C /* InfoPlist.strings */,
				016C5E5812EEF41900C1740C /* StudioMan-Prefix.pch */,
				016C5E5912EEF41900C1740C /* main.m */,
				016C5E5B12EEF41900C1740C /* Credits.rtf */,
			);
			name = "Supporting Files";
			sourceTree = "<group>";
		};
		016C5E7112EEF41A00C1740C /* StudioManTests */ = {
			isa = PBXGroup;
			children = (
				016C5E7812EEF41A00C1740C /* StudioManTests.h */,
				016C5E7A12EEF41A00C1740C /* StudioManTests.m */,
				016C5E7212EEF41A00C1740C /* Supporting Files */,
			);
			path = StudioManTests;
			sourceTree = "<group>";
		};
		016C5E7212EEF41A00C1740C /* Supporting Files */ = {
			isa = PBXGroup;
			children = (
				016C5E7312EEF41A00C1740C /* StudioManTests-Info.plist */,
				016C5E7412EEF41A00C1740C /* InfoPlist.strings */,
				016C5E7712EEF41A00C1740C /* StudioManTests-Prefix.pch */,
			);
			name = "Supporting Files";
			sourceTree = "<group>";
		};
		01CC73DB131647C4000A681E /* AmberFoundation */ = {
			isa = PBXGroup;
			children = (
				01CC73DC131647C4000A681E /* AFFoundationConstants.h */,
				01CC73DD131647C4000A681E /* AFFoundationConstants.m */,
				01CC73DE131647C4000A681E /* AFFoundationMacros.h */,
				01CC73DF131647C4000A681E /* AFFoundationMacros.m */,
				01CC73E0131647C4000A681E /* AFKeyIndexedArray.h */,
				01CC73E1131647C4000A681E /* AFKeyIndexedArray.m */,
				01CC73E2131647C4000A681E /* AFKeyIndexedSet.h */,
				01CC73E3131647C4000A681E /* AFKeyIndexedSet.m */,
				01CC73E4131647C4000A681E /* AFKeyPathAccumulatorProxy.h */,
				01CC73E5131647C4000A681E /* AFKeyPathAccumulatorProxy.m */,
				01CC73E6131647C4000A681E /* AFPriorityProxy.h */,
				01CC73E7131647C4000A681E /* AFPriorityProxy.m */,
				01CC73E8131647C4000A681E /* AFPropertyListProtocol.h */,
				01CC73E9131647C4000A681E /* AFPropertyListProtocol.m */,
				01CC73EA131647C4000A681E /* AFProtocolProxy.h */,
				01CC73EB131647C4000A681E /* AFProtocolProxy.m */,
				01CC73EC131647C4000A681E /* AFRange.h */,
				01CC73ED131647C4000A681E /* AFRange.m */,
				01CC73EE131647C4000A681E /* AFTargetProxy.h */,
				01CC73EF131647C4000A681E /* AFTargetProxy.m */,
				01CC73F0131647C4000A681E /* AFUserDefaults.h */,
				01CC73F1131647C4000A681E /* AFUserDefaults.m */,
				01CC73F2131647C4000A681E /* AmberFoundation-Info.plist */,
				01CC73F3131647C4000A681E /* amberfoundation.doxyconf */,
				01CC73F4131647C4000A681E /* AmberFoundation.h */,
				01CC73F5131647C4000A681E /* AmberFoundation.m */,
				01CC73F6131647C4000A681E /* AmberFoundation.xcodeproj */,
				01CC73F9131647C4000A681E /* AmberFoundation_Prefix.pch */,
				01CC73FA131647C4000A681E /* NSArray+Additions.h */,
				01CC73FB131647C4000A681E /* NSArray+Additions.m */,
				01CC73FC131647C4000A681E /* NSBundle+Additions.h */,
				01CC73FD131647C4000A681E /* NSBundle+Additions.m */,
				01CC73FE131647C4000A681E /* NSData+Additions.h */,
				01CC73FF131647C4000A681E /* NSData+Additions.m */,
				01CC7400131647C4000A681E /* NSDate+Additions.h */,
				01CC7401131647C4000A681E /* NSDate+Additions.m */,
				01CC7402131647C4000A681E /* NSObject+Additions.h */,
				01CC7403131647C4000A681E /* NSObject+Additions.m */,
				01CC7404131647C4000A681E /* NSObject+Metadata.h */,
				01CC7405131647C4000A681E /* NSObject+Metadata.m */,
				01CC7406131647C4000A681E /* NSSet+Additions.h */,
				01CC7407131647C4000A681E /* NSSet+Additions.m */,
				01CC7408131647C4000A681E /* NSSortDescriptor+Additions.h */,
				01CC7409131647C4000A681E /* NSSortDescriptor+Additions.m */,
				01CC740A131647C4000A681E /* NSString+Additions.h */,
				01CC740B131647C4000A681E /* NSString+Additions.m */,
			);
			path = AmberFoundation;
			sourceTree = "<group>";
		};
		01CC73F7131647C4000A681E /* Products */ = {
			isa = PBXGroup;
			children = (
				01CC7429131647C5000A681E /* AmberFoundation.framework */,
				01CC742B131647C5000A681E /* libAmberFoundation.a */,
			);
			name = Products;
			sourceTree = "<group>";
		};
		01CC742F1316484B000A681E /* AmberKit */ = {
			isa = PBXGroup;
			children = (
				01CC74301316484B000A681E /* activationcontrol */,
				01CC74351316484B000A681E /* AFGeometry.h */,
				01CC74361316484B000A681E /* AFGeometry.m */,
				01CC74371316484B000A681E /* AFKeyValueBinding.h */,
				01CC74381316484B000A681E /* AFKeyValueBinding.m */,
				01CC74391316484B000A681E /* AFKitConstants.h */,
				01CC743A1316484B000A681E /* AFKitConstants.m */,
				01CC743B1316484B000A681E /* AmberKit-Info.plist */,
				01CC743C1316484B000A681E /* amberkit.doxyconf */,
				01CC743D1316484B000A681E /* AmberKit.h */,
				01CC743E1316484B000A681E /* AmberKit.m */,
				01CC743F1316484B000A681E /* AmberKit.xcodeproj */,
				01CC74421316484B000A681E /* AmberKit_Prefix.pch */,
				01CC74431316484B000A681E /* calendarcontrol */,
				01CC744E1316484B000A681E /* CoreAmberKit.h */,
				01CC744F1316484B000A681E /* CoreAmberKit.m */,
				01CC74501316484B000A681E /* NSBezierPath+Additions.h */,
				01CC74511316484B000A681E /* NSBezierPath+Additions.m */,
				01CC74521316484B000A681E /* NSBundle+Additions.h */,
				01CC74531316484B000A681E /* NSBundle+Additions.m */,
				01CC74541316484B000A681E /* NSControl+Additions.h */,
				01CC74551316484B000A681E /* NSControl+Additions.m */,
				01CC74561316484B000A681E /* NSGradient+Additions.h */,
				01CC74571316484B000A681E /* NSGradient+Additions.m */,
				01CC74581316484B000A681E /* NSTreeController+Additions.h */,
				01CC74591316484B000A681E /* NSTreeController+Additions.m */,
				01CC745A1316484B000A681E /* NSTreeNode+Additions.h */,
				01CC745B1316484B000A681E /* NSTreeNode+Additions.m */,
				01CC745C1316484B000A681E /* sourcelist */,
				01CC746B1316484B000A681E /* switchcontrol */,
			);
			path = AmberKit;
			sourceTree = "<group>";
		};
		01CC74301316484B000A681E /* activationcontrol */ = {
			isa = PBXGroup;
			children = (
				01CC74311316484B000A681E /* AFActivationCell.h */,
				01CC74321316484B000A681E /* AFActivationCell.m */,
				01CC74331316484B000A681E /* AFActivationControl.h */,
				01CC74341316484B000A681E /* AFActivationControl.m */,
			);
			path = activationcontrol;
			sourceTree = "<group>";
		};
		01CC74401316484B000A681E /* Products */ = {
			isa = PBXGroup;
			children = (
				01CC74981316484B000A681E /* AmberKit.framework */,
				01CC749A1316484B000A681E /* libAmberKit.a */,
				01CC749C1316484B000A681E /* libCoreAmberKit.a */,
			);
			name = Products;
			sourceTree = "<group>";
		};
		01CC74431316484B000A681E /* calendarcontrol */ = {
			isa = PBXGroup;
			children = (
				01CC74441316484B000A681E /* AFCalendarButton.h */,
				01CC74451316484B000A681E /* AFCalendarButton.m */,
				01CC74461316484B000A681E /* AFCalendarControl.h */,
				01CC74471316484B000A681E /* AFCalendarControl.m */,
				01CC74481316484B000A681E /* AFCalendarControlCell.h */,
				01CC74491316484B000A681E /* AFCalendarControlCell.m */,
				01CC744A1316484B000A681E /* AFSegmentedWeekControl.h */,
				01CC744B1316484B000A681E /* AFSegmentedWeekControl.m */,
				01CC744C1316484B000A681E /* AFWeekSegmentCell.h */,
				01CC744D1316484B000A681E /* AFWeekSegmentCell.m */,
			);
			path = calendarcontrol;
			sourceTree = "<group>";
		};
		01CC745C1316484B000A681E /* sourcelist */ = {
			isa = PBXGroup;
			children = (
				01CC745D1316484B000A681E /* AFDisclosureButton.h */,
				01CC745E1316484B000A681E /* AFDisclosureButton.m */,
				01CC745F1316484B000A681E /* AFImageTextCell.h */,
				01CC74601316484B000A681E /* AFImageTextCell.m */,
				01CC74611316484B000A681E /* AFLibrary.h */,
				01CC74621316484B000A681E /* AFLibrary.m */,
				01CC74631316484B000A681E /* AFLocateLibraryWindowController.h */,
				01CC74641316484B000A681E /* AFLocateLibraryWindowController.m */,
				01CC74651316484B000A681E /* AFSourceList.h */,
				01CC74661316484B000A681E /* AFSourceList.m */,
				01CC74671316484B000A681E /* AFSourceNode.h */,
				01CC74681316484B000A681E /* AFSourceNode.m */,
				01CC74691316484B000A681E /* AFTextFieldCell.h */,
				01CC746A1316484B000A681E /* AFTextFieldCell.m */,
			);
			path = sourcelist;
			sourceTree = "<group>";
		};
		01CC746B1316484B000A681E /* switchcontrol */ = {
			isa = PBXGroup;
			children = (
				01CC746C1316484B000A681E /* AFGradientButton.h */,
				01CC746D1316484B000A681E /* AFGradientButton.m */,
				01CC746E1316484B000A681E /* AFGradientCell.h */,
				01CC746F1316484B000A681E /* AFGradientCell.m */,
				01CC74701316484B000A681E /* AFSwitchControl.h */,
				01CC74711316484B000A681E /* AFSwitchControl.m */,
			);
			path = switchcontrol;
			sourceTree = "<group>";
		};
/* End PBXGroup section */

/* Begin PBXNativeTarget section */
		016C5E4712EEF41900C1740C /* StudioMan */ = {
			isa = PBXNativeTarget;
			buildConfigurationList = 016C5E7E12EEF41A00C1740C /* Build configuration list for PBXNativeTarget "StudioMan" */;
			buildPhases = (
				016C5E4412EEF41900C1740C /* Sources */,
				016C5E4512EEF41900C1740C /* Frameworks */,
				016C5E4612EEF41900C1740C /* Resources */,
			);
			buildRules = (
			);
			dependencies = (
				01CC742E131647E8000A681E /* PBXTargetDependency */,
				01CC749E13164885000A681E /* PBXTargetDependency */,
			);
			name = StudioMan;
			productName = StudioMan;
			productReference = 016C5E4812EEF41900C1740C /* StudioMan.app */;
			productType = "com.apple.product-type.application";
		};
		016C5E6E12EEF41A00C1740C /* StudioManTests */ = {
			isa = PBXNativeTarget;
			buildConfigurationList = 016C5E8112EEF41A00C1740C /* Build configuration list for PBXNativeTarget "StudioManTests" */;
			buildPhases = (
				016C5E6A12EEF41A00C1740C /* Sources */,
				016C5E6B12EEF41A00C1740C /* Frameworks */,
				016C5E6C12EEF41A00C1740C /* Resources */,
				016C5E6D12EEF41A00C1740C /* ShellScript */,
			);
			buildRules = (
			);
			dependencies = (
			);
			name = StudioManTests;
			productName = StudioManTests;
			productReference = 016C5E6F12EEF41A00C1740C /* StudioManTests.octest */;
			productType = "com.apple.product-type.bundle";
		};
/* End PBXNativeTarget section */

/* Begin PBXProject section */
		016C5E3F12EEF41900C1740C /* Project object */ = {
			isa = PBXProject;
			buildConfigurationList = 016C5E4212EEF41900C1740C /* Build configuration list for PBXProject "StudioMan" */;
			compatibilityVersion = "Xcode 3.2";
			developmentRegion = English;
			hasScannedForEncodings = 0;
			knownRegions = (
				en,
			);
			mainGroup = 016C5E3D12EEF41900C1740C;
			productRefGroup = 016C5E4912EEF41900C1740C /* Products */;
			projectDirPath = "";
			projectReferences = (
				{
					ProductGroup = 01CC73F7131647C4000A681E /* Products */;
					ProjectRef = 01CC73F6131647C4000A681E /* AmberFoundation.xcodeproj */;
				},
				{
					ProductGroup = 01CC74401316484B000A681E /* Products */;
					ProjectRef = 01CC743F1316484B000A681E /* AmberKit.xcodeproj */;
				},
			);
			projectRoot = "";
			targets = (
				016C5E4712EEF41900C1740C /* StudioMan */,
				016C5E6E12EEF41A00C1740C /* StudioManTests */,
			);
		};
/* End PBXProject section */

/* Begin PBXReferenceProxy section */
		01CC7429131647C5000A681E /* AmberFoundation.framework */ = {
			isa = PBXReferenceProxy;
			fileType = wrapper.framework;
			path = AmberFoundation.framework;
			remoteRef = 01CC7428131647C5000A681E /* PBXContainerItemProxy */;
			sourceTree = BUILT_PRODUCTS_DIR;
		};
		01CC742B131647C5000A681E /* libAmberFoundation.a */ = {
			isa = PBXReferenceProxy;
			fileType = archive.ar;
			path = libAmberFoundation.a;
			remoteRef = 01CC742A131647C5000A681E /* PBXContainerItemProxy */;
			sourceTree = BUILT_PRODUCTS_DIR;
		};
		01CC74981316484B000A681E /* AmberKit.framework */ = {
			isa = PBXReferenceProxy;
			fileType = wrapper.framework;
			path = AmberKit.framework;
			remoteRef = 01CC74971316484B000A681E /* PBXContainerItemProxy */;
			sourceTree = BUILT_PRODUCTS_DIR;
		};
		01CC749A1316484B000A681E /* libAmberKit.a */ = {
			isa = PBXReferenceProxy;
			fileType = archive.ar;
			path = libAmberKit.a;
			remoteRef = 01CC74991316484B000A681E /* PBXContainerItemProxy */;
			sourceTree = BUILT_PRODUCTS_DIR;
		};
		01CC749C1316484B000A681E /* libCoreAmberKit.a */ = {
			isa = PBXReferenceProxy;
			fileType = archive.ar;
			path = libCoreAmberKit.a;
			remoteRef = 01CC749B1316484B000A681E /* PBXContainerItemProxy */;
			sourceTree = BUILT_PRODUCTS_DIR;
		};
/* End PBXReferenceProxy section */

/* Begin PBXResourcesBuildPhase section */
		016C5E4612EEF41900C1740C /* Resources */ = {
			isa = PBXResourcesBuildPhase;
			buildActionMask = 2147483647;
			files = (
				016C5E5712EEF41900C1740C /* InfoPlist.strings in Resources */,
				016C5E5D12EEF41900C1740C /* Credits.rtf in Resources */,
				016C5E6312EEF41900C1740C /* SMTerm.xib in Resources */,
				016C5E6612EEF41A00C1740C /* MainMenu.xib in Resources */,
				016C5E8512EF234A00C1740C /* COPYING in Resources */,
				F3A3F45D1301AD110094138A /* plus.tiff in Resources */,
				F3A3F45F1301ADA80094138A /* Calendars_Off.png in Resources */,
				F3A3F4611301ADB00094138A /* Calendars_On.png in Resources */,
				01CC741A131647C4000A681E /* AmberFoundation-Info.plist in Resources */,
				01CC741B131647C4000A681E /* amberfoundation.doxyconf in Resources */,
				01CC747B1316484B000A681E /* AmberKit-Info.plist in Resources */,
				01CC747C1316484B000A681E /* amberkit.doxyconf in Resources */,
				01DA380913335318009054EB /* SMAddGroupSheet.xib in Resources */,
			);
			runOnlyForDeploymentPostprocessing = 0;
		};
		016C5E6C12EEF41A00C1740C /* Resources */ = {
			isa = PBXResourcesBuildPhase;
			buildActionMask = 2147483647;
			files = (
				016C5E7612EEF41A00C1740C /* InfoPlist.strings in Resources */,
				016C5E7912EEF41A00C1740C /* StudioManTests.h in Resources */,
			);
			runOnlyForDeploymentPostprocessing = 0;
		};
/* End PBXResourcesBuildPhase section */

/* Begin PBXShellScriptBuildPhase section */
		016C5E6D12EEF41A00C1740C /* ShellScript */ = {
			isa = PBXShellScriptBuildPhase;
			buildActionMask = 2147483647;
			files = (
			);
			inputPaths = (
			);
			outputPaths = (
			);
			runOnlyForDeploymentPostprocessing = 0;
			shellPath = /bin/sh;
			shellScript = "# Run the unit tests in this test bundle.\n\"${SYSTEM_DEVELOPER_DIR}/Tools/RunUnitTests\"\n";
		};
/* End PBXShellScriptBuildPhase section */

/* Begin PBXSourcesBuildPhase section */
		016C5E4412EEF41900C1740C /* Sources */ = {
			isa = PBXSourcesBuildPhase;
			buildActionMask = 2147483647;
			files = (
				016C5E5A12EEF41900C1740C /* main.m in Sources */,
				016C5E6012EEF41900C1740C /* SMTerm.m in Sources */,
				016C5E6912EEF41A00C1740C /* SMTerm.xcdatamodeld in Sources */,
				F388BBEF13084C6700DF97BE /* NSSplitView+Additions.m in Sources */,
				F37EB13C1308825900BBEEDA /* SMCalendarView.m in Sources */,
				01A43B3613248B68005EEA4B /* SMGroupMO.m in Sources */,
				01A43B3913248CCB005EEA4B /* SMConstants.m in Sources */,
				01813E7C132DB0D300A4B975 /* SMTermMO.m in Sources */,
				01813E81132DB54800A4B975 /* SMRecordMO.m in Sources */,
				01CE6F14132DCA66000878F5 /* SMPropertyMO.m in Sources */,
				01CE6F17132DCA8E000878F5 /* SMEmailMO.m in Sources */,
				01CE6F1D132DCAF1000878F5 /* SMAddressMO.m in Sources */,
				01CE6F20132DCB05000878F5 /* SMPhoneMO.m in Sources */,
				01CE6F23132DCB16000878F5 /* SMPersonMO.m in Sources */,
				01DA380C1333542F009054EB /* SMAddGroupSheetController.m in Sources */,
			);
			runOnlyForDeploymentPostprocessing = 0;
		};
		016C5E6A12EEF41A00C1740C /* Sources */ = {
			isa = PBXSourcesBuildPhase;
			buildActionMask = 2147483647;
			files = (
				016C5E7B12EEF41A00C1740C /* StudioManTests.m in Sources */,
			);
			runOnlyForDeploymentPostprocessing = 0;
		};
/* End PBXSourcesBuildPhase section */

/* Begin PBXTargetDependency section */
		01CC742E131647E8000A681E /* PBXTargetDependency */ = {
			isa = PBXTargetDependency;
			name = AmberFoundation;
			targetProxy = 01CC742D131647E8000A681E /* PBXContainerItemProxy */;
		};
		01CC749E13164885000A681E /* PBXTargetDependency */ = {
			isa = PBXTargetDependency;
			name = AmberKit;
			targetProxy = 01CC749D13164885000A681E /* PBXContainerItemProxy */;
		};
/* End PBXTargetDependency section */

/* Begin PBXVariantGroup section */
		016C5E5512EEF41900C1740C /* InfoPlist.strings */ = {
			isa = PBXVariantGroup;
			children = (
				016C5E5612EEF41900C1740C /* en */,
			);
			name = InfoPlist.strings;
			sourceTree = "<group>";
		};
		016C5E5B12EEF41900C1740C /* Credits.rtf */ = {
			isa = PBXVariantGroup;
			children = (
				016C5E5C12EEF41900C1740C /* en */,
			);
			name = Credits.rtf;
			sourceTree = "<group>";
		};
		016C5E6112EEF41900C1740C /* SMTerm.xib */ = {
			isa = PBXVariantGroup;
			children = (
				016C5E6212EEF41900C1740C /* en */,
			);
			name = SMTerm.xib;
			sourceTree = "<group>";
		};
		016C5E6412EEF41A00C1740C /* MainMenu.xib */ = {
			isa = PBXVariantGroup;
			children = (
				016C5E6512EEF41A00C1740C /* en */,
			);
			name = MainMenu.xib;
			sourceTree = "<group>";
		};
		016C5E7412EEF41A00C1740C /* InfoPlist.strings */ = {
			isa = PBXVariantGroup;
			children = (
				016C5E7512EEF41A00C1740C /* en */,
			);
			name = InfoPlist.strings;
			sourceTree = "<group>";
		};
/* End PBXVariantGroup section */

/* Begin XCBuildConfiguration section */
		016C5E7C12EEF41A00C1740C /* Debug */ = {
			isa = XCBuildConfiguration;
			buildSettings = {
				ARCHS = "$(ARCHS_STANDARD_32_64_BIT)";
				GCC_C_LANGUAGE_STANDARD = gnu99;
				GCC_OPTIMIZATION_LEVEL = 0;
				GCC_PREPROCESSOR_DEFINITIONS = DEBUG;
				GCC_VERSION = com.apple.compilers.llvm.clang.1_0;
				GCC_WARN_ABOUT_RETURN_TYPE = YES;
				GCC_WARN_UNUSED_VARIABLE = YES;
				MACOSX_DEPLOYMENT_TARGET = 10.6;
				ONLY_ACTIVE_ARCH = YES;
				SDKROOT = macosx;
			};
			name = Debug;
		};
		016C5E7D12EEF41A00C1740C /* Release */ = {
			isa = XCBuildConfiguration;
			buildSettings = {
				ARCHS = "$(ARCHS_STANDARD_32_64_BIT)";
				GCC_C_LANGUAGE_STANDARD = gnu99;
				GCC_VERSION = com.apple.compilers.llvm.clang.1_0;
				GCC_WARN_ABOUT_RETURN_TYPE = YES;
				GCC_WARN_UNUSED_VARIABLE = YES;
				MACOSX_DEPLOYMENT_TARGET = 10.6;
				SDKROOT = macosx;
			};
			name = Release;
		};
		016C5E7F12EEF41A00C1740C /* Debug */ = {
			isa = XCBuildConfiguration;
			buildSettings = {
				ALWAYS_SEARCH_USER_PATHS = NO;
				COPY_PHASE_STRIP = NO;
				FRAMEWORK_SEARCH_PATHS = (
					"$(inherited)",
					"\"$(SRCROOT)\"",
				);
				GCC_DYNAMIC_NO_PIC = NO;
				GCC_ENABLE_OBJC_EXCEPTIONS = YES;
				GCC_PRECOMPILE_PREFIX_HEADER = YES;
				GCC_PREFIX_HEADER = "StudioMan/StudioMan-Prefix.pch";
				INFOPLIST_FILE = "StudioMan/StudioMan-Info.plist";
				INSTALL_PATH = "$(HOME)/Applications";
				PRODUCT_NAME = "$(TARGET_NAME)";
				WRAPPER_EXTENSION = app;
			};
			name = Debug;
		};
		016C5E8012EEF41A00C1740C /* Release */ = {
			isa = XCBuildConfiguration;
			buildSettings = {
				ALWAYS_SEARCH_USER_PATHS = NO;
				COPY_PHASE_STRIP = YES;
				DEBUG_INFORMATION_FORMAT = "dwarf-with-dsym";
				FRAMEWORK_SEARCH_PATHS = (
					"$(inherited)",
					"\"$(SRCROOT)\"",
				);
				GCC_ENABLE_OBJC_EXCEPTIONS = YES;
				GCC_PRECOMPILE_PREFIX_HEADER = YES;
				GCC_PREFIX_HEADER = "StudioMan/StudioMan-Prefix.pch";
				INFOPLIST_FILE = "StudioMan/StudioMan-Info.plist";
				INSTALL_PATH = "$(HOME)/Applications";
				PRODUCT_NAME = "$(TARGET_NAME)";
				WRAPPER_EXTENSION = app;
			};
			name = Release;
		};
		016C5E8212EEF41A00C1740C /* Debug */ = {
			isa = XCBuildConfiguration;
			buildSettings = {
				ALWAYS_SEARCH_USER_PATHS = NO;
				BUNDLE_LOADER = "$(BUILT_PRODUCTS_DIR)/StudioMan.app/Contents/MacOS/StudioMan";
				COPY_PHASE_STRIP = NO;
				FRAMEWORK_SEARCH_PATHS = "$(DEVELOPER_LIBRARY_DIR)/Frameworks";
				GCC_DYNAMIC_NO_PIC = NO;
				GCC_ENABLE_OBJC_EXCEPTIONS = YES;
				GCC_PRECOMPILE_PREFIX_HEADER = YES;
				GCC_PREFIX_HEADER = "StudioManTests/StudioManTests-Prefix.pch";
				INFOPLIST_FILE = "StudioManTests/StudioManTests-Info.plist";
				INSTALL_PATH = "$(USER_LIBRARY_DIR)/Bundles";
				OTHER_LDFLAGS = (
					"-framework",
					SenTestingKit,
				);
				PRODUCT_NAME = "$(TARGET_NAME)";
				TEST_HOST = "$(BUNDLE_LOADER)";
				WRAPPER_EXTENSION = octest;
			};
			name = Debug;
		};
		016C5E8312EEF41A00C1740C /* Release */ = {
			isa = XCBuildConfiguration;
			buildSettings = {
				ALWAYS_SEARCH_USER_PATHS = NO;
				BUNDLE_LOADER = "$(BUILT_PRODUCTS_DIR)/StudioMan.app/Contents/MacOS/StudioMan";
				COPY_PHASE_STRIP = YES;
				DEBUG_INFORMATION_FORMAT = "dwarf-with-dsym";
				FRAMEWORK_SEARCH_PATHS = "$(DEVELOPER_LIBRARY_DIR)/Frameworks";
				GCC_ENABLE_OBJC_EXCEPTIONS = YES;
				GCC_PRECOMPILE_PREFIX_HEADER = YES;
				GCC_PREFIX_HEADER = "StudioManTests/StudioManTests-Prefix.pch";
				INFOPLIST_FILE = "StudioManTests/StudioManTests-Info.plist";
				INSTALL_PATH = "$(USER_LIBRARY_DIR)/Bundles";
				OTHER_LDFLAGS = (
					"-framework",
					SenTestingKit,
				);
				PRODUCT_NAME = "$(TARGET_NAME)";
				TEST_HOST = "$(BUNDLE_LOADER)";
				WRAPPER_EXTENSION = octest;
			};
			name = Release;
		};
/* End XCBuildConfiguration section */

/* Begin XCConfigurationList section */
		016C5E4212EEF41900C1740C /* Build configuration list for PBXProject "StudioMan" */ = {
			isa = XCConfigurationList;
			buildConfigurations = (
				016C5E7C12EEF41A00C1740C /* Debug */,
				016C5E7D12EEF41A00C1740C /* Release */,
			);
			defaultConfigurationIsVisible = 0;
			defaultConfigurationName = Release;
		};
		016C5E7E12EEF41A00C1740C /* Build configuration list for PBXNativeTarget "StudioMan" */ = {
			isa = XCConfigurationList;
			buildConfigurations = (
				016C5E7F12EEF41A00C1740C /* Debug */,
				016C5E8012EEF41A00C1740C /* Release */,
			);
			defaultConfigurationIsVisible = 0;
			defaultConfigurationName = Release;
		};
		016C5E8112EEF41A00C1740C /* Build configuration list for PBXNativeTarget "StudioManTests" */ = {
			isa = XCConfigurationList;
			buildConfigurations = (
				016C5E8212EEF41A00C1740C /* Debug */,
				016C5E8312EEF41A00C1740C /* Release */,
			);
			defaultConfigurationIsVisible = 0;
			defaultConfigurationName = Release;
		};
/* End XCConfigurationList section */

/* Begin XCVersionGroup section */
		016C5E6712EEF41A00C1740C /* SMTerm.xcdatamodeld */ = {
			isa = XCVersionGroup;
			children = (
				016C5E6812EEF41A00C1740C /* SMTerm.xcdatamodel */,
			);
			currentVersion = 016C5E6812EEF41A00C1740C /* SMTerm.xcdatamodel */;
			path = SMTerm.xcdatamodeld;
			sourceTree = "<group>";
			versionGroupType = wrapper.xcdatamodel;
		};
/* End XCVersionGroup section */
	};
	rootObject = 016C5E3F12EEF41900C1740C /* Project object */;
}
